
Microsoft Visual Studio Solution File, Format Version 12.00
# Visual Studio Version 16
VisualStudioVersion = 16.0.30011.22
MinimumVisualStudioVersion = 10.0.40219.1
Project("{FAE04EC0-301F-11D3-BF4B-00C04F79EFBC}") = "ProblemaPmedianasCapacitado", "ProblemaPmedianasCapacitado\ProblemaPmedianasCapacitado.csproj", "{B05560F1-848A-4671-9A08-145356D97C4D}"
EndProject
Global
	GlobalSection(SolutionConfigurationPlatforms) = preSolution
		Debug|Any CPU = Debug|Any CPU
		Release|Any CPU = Release|Any CPU
	EndGlobalSection
	GlobalSection(ProjectConfigurationPlatforms) = postSolution
		{B05560F1-848A-4671-9A08-145356D97C4D}.Debug|Any CPU.ActiveCfg = Debug|Any CPU
		{B05560F1-848A-4671-9A08-145356D97C4D}.Debug|Any CPU.Build.0 = Debug|Any CPU
		{B05560F1-848A-4671-9A08-145356D97C4D}.Release|Any CPU.ActiveCfg = Release|Any CPU
		{B05560F1-848A-4671-9A08-145356D97C4D}.Release|Any CPU.Build.0 = Release|Any CPU
	EndGlobalSection
	GlobalSection(SolutionProperties) = preSolution
		HideSolutionNode = FALSE
	EndGlobalSection
	GlobalSection(ExtensibilityGlobals) = postSolution
		SolutionGuid = {9C2E80F8-D9E9-40D9-B5FF-27F9B90D208E}
	EndGlobalSection
EndGlobal
